# This file is @generated by PDM.
# It is not intended for manual editing.

[metadata]
groups = ["default", "test"]
strategy = ["inherit_metadata"]
lock_version = "4.5.0"
content_hash = "sha256:866771f2929887c65d5d666d5e86cce5c8e962f6322297270e7de1d13f30c315"

[[metadata.targets]]
requires_python = ">=3.13"

[[package]]
name = "nodeenv"
version = "1.9.1"
requires_python = "!=3.0.*,!=3.1.*,!=3.2.*,!=3.3.*,!=3.4.*,!=3.5.*,!=3.6.*,>=2.7"
summary = "Node.js virtual environment builder"
groups = ["test"]
files = [
    {file = "nodeenv-1.9.1-py2.py3-none-any.whl", hash = "sha256:ba11c9782d29c27c70ffbdda2d7415098754709be8a7056d79a737cd901155c9"},
    {file = "nodeenv-1.9.1.tar.gz", hash = "sha256:6ec12890a2dab7946721edbfbcd91f3319c6ccc9aec47be7c7e6b7011ee6645f"},
]

[[package]]
name = "pyright"
version = "1.1.403"
requires_python = ">=3.7"
summary = "Command line wrapper for pyright"
groups = ["test"]
dependencies = [
    "nodeenv>=1.6.0",
    "typing-extensions>=4.1",
]
files = [
    {file = "pyright-1.1.403-py3-none-any.whl", hash = "sha256:c0eeca5aa76cbef3fcc271259bbd785753c7ad7bcac99a9162b4c4c7daed23b3"},
    {file = "pyright-1.1.403.tar.gz", hash = "sha256:3ab69b9f41c67fb5bbb4d7a36243256f0d549ed3608678d381d5f51863921104"},
]

[[package]]
name = "pyudev"
version = "0.24.3"
requires_python = ">=3.7"
summary = "A libudev binding"
groups = ["default"]
files = [
    {file = "pyudev-0.24.3-py3-none-any.whl", hash = "sha256:e8246f0a014fe370119ba2bc781bfbe62c0298d0d6b39c94e83102a8a3f56960"},
    {file = "pyudev-0.24.3.tar.gz", hash = "sha256:2e945427a21674893bb97632401db62139d91cea1ee96137cc7b07ad22198fc7"},
]

[[package]]
name = "pyudev-stubs"
version = "0.1.2"
requires_python = ">=3.13"
url = "https://github.com/ruafelianna/pyudev-stubs/releases/download/v0.1.2/pyudev_stubs-0.1.2-py3-none-any.whl"
summary = "pyudev stubs"
groups = ["default"]
files = [
    {file = "pyudev_stubs-0.1.2-py3-none-any.whl", hash = "sha256:86982ed533fe197daa573e4f8f51ba0ef8df445ec6c238e535fc656d4f3646fe"},
]

[[package]]
name = "typing-extensions"
version = "4.14.1"
requires_python = ">=3.9"
summary = "Backported and Experimental Type Hints for Python 3.9+"
groups = ["test"]
files = [
    {file = "typing_extensions-4.14.1-py3-none-any.whl", hash = "sha256:d1e1e3b58374dc93031d6eda2420a48ea44a36c2b4766a4fdeb3710755731d76"},
    {file = "typing_extensions-4.14.1.tar.gz", hash = "sha256:38b39f4aeeab64884ce9f74c94263ef78f3c22467c8724005483154c26648d36"},
]
